// !$*UTF8*$!
{
	archiveVersion = 1;
	classes = {
	};
	objectVersion = 55;
	objects = {

/* Begin PBXBuildFile section */
		13530C47057267488E715EBD /* Pods_ThePhotoApp.framework in Frameworks */ = {isa = PBXBuildFile; fileRef = 0A3861CB568E5C412D7025C2 /* Pods_ThePhotoApp.framework */; };
		834D8AC82864736C0026A662 /* AppDelegate.swift in Sources */ = {isa = PBXBuildFile; fileRef = 834D8AC72864736C0026A662 /* AppDelegate.swift */; };
		834D8ACA2864736C0026A662 /* SceneDelegate.swift in Sources */ = {isa = PBXBuildFile; fileRef = 834D8AC92864736C0026A662 /* SceneDelegate.swift */; };
		834D8ACC2864736C0026A662 /* PhotoCollectionViewController.swift in Sources */ = {isa = PBXBuildFile; fileRef = 834D8ACB2864736C0026A662 /* PhotoCollectionViewController.swift */; };
		834D8AD12864736F0026A662 /* Assets.xcassets in Resources */ = {isa = PBXBuildFile; fileRef = 834D8AD02864736F0026A662 /* Assets.xcassets */; };
		834D8AD42864736F0026A662 /* LaunchScreen.storyboard in Resources */ = {isa = PBXBuildFile; fileRef = 834D8AD22864736F0026A662 /* LaunchScreen.storyboard */; };
		834D8ADD286474780026A662 /* CollectionViewModel.swift in Sources */ = {isa = PBXBuildFile; fileRef = 834D8ADC286474780026A662 /* CollectionViewModel.swift */; };
		834D8AE228648E9B0026A662 /* PhotoCollectionCell.swift in Sources */ = {isa = PBXBuildFile; fileRef = 834D8AE128648E9B0026A662 /* PhotoCollectionCell.swift */; };
		834D8AE5286496BF0026A662 /* NetworkService.swift in Sources */ = {isa = PBXBuildFile; fileRef = 834D8AE4286496BF0026A662 /* NetworkService.swift */; };
		834D8AE72864A0520026A662 /* AppCordinator.swift in Sources */ = {isa = PBXBuildFile; fileRef = 834D8AE62864A0520026A662 /* AppCordinator.swift */; };
		834D8AE92864A0680026A662 /* Cordinator.swift in Sources */ = {isa = PBXBuildFile; fileRef = 834D8AE82864A0680026A662 /* Cordinator.swift */; };
		834D8AED2864A0FF0026A662 /* FactoryProtocol.swift in Sources */ = {isa = PBXBuildFile; fileRef = 834D8AEC2864A0FF0026A662 /* FactoryProtocol.swift */; };
		834D8AF12864A2250026A662 /* FavoriteTableViewController.swift in Sources */ = {isa = PBXBuildFile; fileRef = 834D8AF02864A2250026A662 /* FavoriteTableViewController.swift */; };
		834D8AF32864A2F90026A662 /* ControllerFactory.swift in Sources */ = {isa = PBXBuildFile; fileRef = 834D8AF22864A2F90026A662 /* ControllerFactory.swift */; };
		834D8AF82864AC8D0026A662 /* PhotoCollection.swift in Sources */ = {isa = PBXBuildFile; fileRef = 834D8AF72864AC8D0026A662 /* PhotoCollection.swift */; };
		834D8AFA2865C35A0026A662 /* FavoriteCell.swift in Sources */ = {isa = PBXBuildFile; fileRef = 834D8AF92865C35A0026A662 /* FavoriteCell.swift */; };
		834D8AFC2865E26F0026A662 /* FavoritePhoto.swift in Sources */ = {isa = PBXBuildFile; fileRef = 834D8AFB2865E26F0026A662 /* FavoritePhoto.swift */; };
		834D8AFE2865E5EF0026A662 /* PhotoDetailViewController.swift in Sources */ = {isa = PBXBuildFile; fileRef = 834D8AFD2865E5EF0026A662 /* PhotoDetailViewController.swift */; };
		834D8B002865E8830026A662 /* DetailViewModel.swift in Sources */ = {isa = PBXBuildFile; fileRef = 834D8AFF2865E8830026A662 /* DetailViewModel.swift */; };
		834D8B022865EC010026A662 /* DetailNetworkService.swift in Sources */ = {isa = PBXBuildFile; fileRef = 834D8B012865EC010026A662 /* DetailNetworkService.swift */; };
		834D8B052865F5300026A662 /* PhotoDetailView.swift in Sources */ = {isa = PBXBuildFile; fileRef = 834D8B042865F5300026A662 /* PhotoDetailView.swift */; };
		834D8B082865F78B0026A662 /* abosanova.ttf in Resources */ = {isa = PBXBuildFile; fileRef = 834D8B072865F78B0026A662 /* abosanova.ttf */; };
		834D8B0B2867653E0026A662 /* FavoriteManager.swift in Sources */ = {isa = PBXBuildFile; fileRef = 834D8B0A2867653E0026A662 /* FavoriteManager.swift */; };
		834D8B0D28676F7D0026A662 /* FavoriteArray.swift in Sources */ = {isa = PBXBuildFile; fileRef = 834D8B0C28676F7D0026A662 /* FavoriteArray.swift */; };
/* End PBXBuildFile section */

/* Begin PBXFileReference section */
		0A3861CB568E5C412D7025C2 /* Pods_ThePhotoApp.framework */ = {isa = PBXFileReference; explicitFileType = wrapper.framework; includeInIndex = 0; path = Pods_ThePhotoApp.framework; sourceTree = BUILT_PRODUCTS_DIR; };
		834D8AC42864736C0026A662 /* ThePhotoApp.app */ = {isa = PBXFileReference; explicitFileType = wrapper.application; includeInIndex = 0; path = ThePhotoApp.app; sourceTree = BUILT_PRODUCTS_DIR; };
		834D8AC72864736C0026A662 /* AppDelegate.swift */ = {isa = PBXFileReference; lastKnownFileType = sourcecode.swift; path = AppDelegate.swift; sourceTree = "<group>"; };
		834D8AC92864736C0026A662 /* SceneDelegate.swift */ = {isa = PBXFileReference; lastKnownFileType = sourcecode.swift; path = SceneDelegate.swift; sourceTree = "<group>"; };
		834D8ACB2864736C0026A662 /* PhotoCollectionViewController.swift */ = {isa = PBXFileReference; lastKnownFileType = sourcecode.swift; path = PhotoCollectionViewController.swift; sourceTree = "<group>"; };
		834D8AD02864736F0026A662 /* Assets.xcassets */ = {isa = PBXFileReference; lastKnownFileType = folder.assetcatalog; path = Assets.xcassets; sourceTree = "<group>"; };
		834D8AD32864736F0026A662 /* Base */ = {isa = PBXFileReference; lastKnownFileType = file.storyboard; name = Base; path = Base.lproj/LaunchScreen.storyboard; sourceTree = "<group>"; };
		834D8AD52864736F0026A662 /* Info.plist */ = {isa = PBXFileReference; lastKnownFileType = text.plist.xml; path = Info.plist; sourceTree = "<group>"; };
		834D8ADC286474780026A662 /* CollectionViewModel.swift */ = {isa = PBXFileReference; lastKnownFileType = sourcecode.swift; path = CollectionViewModel.swift; sourceTree = "<group>"; };
		834D8AE128648E9B0026A662 /* PhotoCollectionCell.swift */ = {isa = PBXFileReference; lastKnownFileType = sourcecode.swift; path = PhotoCollectionCell.swift; sourceTree = "<group>"; };
		834D8AE4286496BF0026A662 /* NetworkService.swift */ = {isa = PBXFileReference; lastKnownFileType = sourcecode.swift; path = NetworkService.swift; sourceTree = "<group>"; };
		834D8AE62864A0520026A662 /* AppCordinator.swift */ = {isa = PBXFileReference; lastKnownFileType = sourcecode.swift; path = AppCordinator.swift; sourceTree = "<group>"; };
		834D8AE82864A0680026A662 /* Cordinator.swift */ = {isa = PBXFileReference; lastKnownFileType = sourcecode.swift; path = Cordinator.swift; sourceTree = "<group>"; };
		834D8AEC2864A0FF0026A662 /* FactoryProtocol.swift */ = {isa = PBXFileReference; lastKnownFileType = sourcecode.swift; path = FactoryProtocol.swift; sourceTree = "<group>"; };
		834D8AF02864A2250026A662 /* FavoriteTableViewController.swift */ = {isa = PBXFileReference; lastKnownFileType = sourcecode.swift; path = FavoriteTableViewController.swift; sourceTree = "<group>"; };
		834D8AF22864A2F90026A662 /* ControllerFactory.swift */ = {isa = PBXFileReference; lastKnownFileType = sourcecode.swift; path = ControllerFactory.swift; sourceTree = "<group>"; };
		834D8AF72864AC8D0026A662 /* PhotoCollection.swift */ = {isa = PBXFileReference; lastKnownFileType = sourcecode.swift; path = PhotoCollection.swift; sourceTree = "<group>"; };
		834D8AF92865C35A0026A662 /* FavoriteCell.swift */ = {isa = PBXFileReference; lastKnownFileType = sourcecode.swift; path = FavoriteCell.swift; sourceTree = "<group>"; };
		834D8AFB2865E26F0026A662 /* FavoritePhoto.swift */ = {isa = PBXFileReference; lastKnownFileType = sourcecode.swift; path = FavoritePhoto.swift; sourceTree = "<group>"; };
		834D8AFD2865E5EF0026A662 /* PhotoDetailViewController.swift */ = {isa = PBXFileReference; lastKnownFileType = sourcecode.swift; path = PhotoDetailViewController.swift; sourceTree = "<group>"; };
		834D8AFF2865E8830026A662 /* DetailViewModel.swift */ = {isa = PBXFileReference; lastKnownFileType = sourcecode.swift; path = DetailViewModel.swift; sourceTree = "<group>"; };
		834D8B012865EC010026A662 /* DetailNetworkService.swift */ = {isa = PBXFileReference; lastKnownFileType = sourcecode.swift; path = DetailNetworkService.swift; sourceTree = "<group>"; };
		834D8B042865F5300026A662 /* PhotoDetailView.swift */ = {isa = PBXFileReference; lastKnownFileType = sourcecode.swift; path = PhotoDetailView.swift; sourceTree = "<group>"; };
		834D8B072865F78B0026A662 /* abosanova.ttf */ = {isa = PBXFileReference; lastKnownFileType = file; path = abosanova.ttf; sourceTree = "<group>"; };
		834D8B0A2867653E0026A662 /* FavoriteManager.swift */ = {isa = PBXFileReference; lastKnownFileType = sourcecode.swift; path = FavoriteManager.swift; sourceTree = "<group>"; };
		834D8B0C28676F7D0026A662 /* FavoriteArray.swift */ = {isa = PBXFileReference; lastKnownFileType = sourcecode.swift; path = FavoriteArray.swift; sourceTree = "<group>"; };
		AC7BCB0A8EBD4148F6BA6F17 /* Pods-ThePhotoApp.release.xcconfig */ = {isa = PBXFileReference; includeInIndex = 1; lastKnownFileType = text.xcconfig; name = "Pods-ThePhotoApp.release.xcconfig"; path = "Target Support Files/Pods-ThePhotoApp/Pods-ThePhotoApp.release.xcconfig"; sourceTree = "<group>"; };
		C8BDBF247A2FC0433B50BC1D /* Pods-ThePhotoApp.debug.xcconfig */ = {isa = PBXFileReference; includeInIndex = 1; lastKnownFileType = text.xcconfig; name = "Pods-ThePhotoApp.debug.xcconfig"; path = "Target Support Files/Pods-ThePhotoApp/Pods-ThePhotoApp.debug.xcconfig"; sourceTree = "<group>"; };
/* End PBXFileReference section */

/* Begin PBXFrameworksBuildPhase section */
		834D8AC12864736C0026A662 /* Frameworks */ = {
			isa = PBXFrameworksBuildPhase;
			buildActionMask = 2147483647;
			files = (
				13530C47057267488E715EBD /* Pods_ThePhotoApp.framework in Frameworks */,
			);
			runOnlyForDeploymentPostprocessing = 0;
		};
/* End PBXFrameworksBuildPhase section */

/* Begin PBXGroup section */
		3757FE77DD3DB2857A3C78E1 /* Pods */ = {
			isa = PBXGroup;
			children = (
				C8BDBF247A2FC0433B50BC1D /* Pods-ThePhotoApp.debug.xcconfig */,
				AC7BCB0A8EBD4148F6BA6F17 /* Pods-ThePhotoApp.release.xcconfig */,
			);
			path = Pods;
			sourceTree = "<group>";
		};
		834D8ABB2864736C0026A662 = {
			isa = PBXGroup;
			children = (
				834D8AC62864736C0026A662 /* ThePhotoApp */,
				834D8AC52864736C0026A662 /* Products */,
				3757FE77DD3DB2857A3C78E1 /* Pods */,
				D916FE568838ACF6E9AD79CF /* Frameworks */,
			);
			sourceTree = "<group>";
		};
		834D8AC52864736C0026A662 /* Products */ = {
			isa = PBXGroup;
			children = (
				834D8AC42864736C0026A662 /* ThePhotoApp.app */,
			);
			name = Products;
			sourceTree = "<group>";
		};
		834D8AC62864736C0026A662 /* ThePhotoApp */ = {
			isa = PBXGroup;
			children = (
				834D8B092867652B0026A662 /* Managers */,
				834D8AE028647C3A0026A662 /* Models */,
				834D8ADB286474160026A662 /* App */,
				834D8ADF286477270026A662 /* Controllers */,
				834D8AD02864736F0026A662 /* Assets.xcassets */,
				834D8AD22864736F0026A662 /* LaunchScreen.storyboard */,
				834D8AD52864736F0026A662 /* Info.plist */,
				834D8ADE2864771E0026A662 /* ViewModels */,
				834D8B032865F5150026A662 /* Views */,
			);
			path = ThePhotoApp;
			sourceTree = "<group>";
		};
		834D8ADB286474160026A662 /* App */ = {
			isa = PBXGroup;
			children = (
				834D8AC72864736C0026A662 /* AppDelegate.swift */,
				834D8AC92864736C0026A662 /* SceneDelegate.swift */,
			);
			path = App;
			sourceTree = "<group>";
		};
		834D8ADE2864771E0026A662 /* ViewModels */ = {
			isa = PBXGroup;
			children = (
				834D8ADC286474780026A662 /* CollectionViewModel.swift */,
				834D8AFF2865E8830026A662 /* DetailViewModel.swift */,
			);
			path = ViewModels;
			sourceTree = "<group>";
		};
		834D8ADF286477270026A662 /* Controllers */ = {
			isa = PBXGroup;
			children = (
				834D8ACB2864736C0026A662 /* PhotoCollectionViewController.swift */,
				834D8AF02864A2250026A662 /* FavoriteTableViewController.swift */,
				834D8AFD2865E5EF0026A662 /* PhotoDetailViewController.swift */,
			);
			path = Controllers;
			sourceTree = "<group>";
		};
		834D8AE028647C3A0026A662 /* Models */ = {
			isa = PBXGroup;
			children = (
				834D8B062865F76E0026A662 /* Fonts */,
				834D8AF62864AC7C0026A662 /* API */,
				834D8AEA2864A0830026A662 /* Cordinators */,
				834D8AEB2864A0F20026A662 /* Factory */,
				834D8AE3286496AF0026A662 /* Services */,
			);
			path = Models;
			sourceTree = "<group>";
		};
		834D8AE3286496AF0026A662 /* Services */ = {
			isa = PBXGroup;
			children = (
				834D8AE4286496BF0026A662 /* NetworkService.swift */,
				834D8B012865EC010026A662 /* DetailNetworkService.swift */,
			);
			name = Services;
			sourceTree = "<group>";
		};
		834D8AEA2864A0830026A662 /* Cordinators */ = {
			isa = PBXGroup;
			children = (
				834D8AE62864A0520026A662 /* AppCordinator.swift */,
				834D8AE82864A0680026A662 /* Cordinator.swift */,
			);
			path = Cordinators;
			sourceTree = "<group>";
		};
		834D8AEB2864A0F20026A662 /* Factory */ = {
			isa = PBXGroup;
			children = (
				834D8AEC2864A0FF0026A662 /* FactoryProtocol.swift */,
				834D8AF22864A2F90026A662 /* ControllerFactory.swift */,
			);
			path = Factory;
			sourceTree = "<group>";
		};
		834D8AF62864AC7C0026A662 /* API */ = {
			isa = PBXGroup;
			children = (
				834D8AF72864AC8D0026A662 /* PhotoCollection.swift */,
				834D8AFB2865E26F0026A662 /* FavoritePhoto.swift */,
			);
			path = API;
			sourceTree = "<group>";
		};
		834D8B032865F5150026A662 /* Views */ = {
			isa = PBXGroup;
			children = (
				834D8AE128648E9B0026A662 /* PhotoCollectionCell.swift */,
				834D8AF92865C35A0026A662 /* FavoriteCell.swift */,
				834D8B042865F5300026A662 /* PhotoDetailView.swift */,
			);
			path = Views;
			sourceTree = "<group>";
		};
		834D8B062865F76E0026A662 /* Fonts */ = {
			isa = PBXGroup;
			children = (
				834D8B072865F78B0026A662 /* abosanova.ttf */,
			);
			path = Fonts;
			sourceTree = "<group>";
		};
		834D8B092867652B0026A662 /* Managers */ = {
			isa = PBXGroup;
			children = (
				834D8B0A2867653E0026A662 /* FavoriteManager.swift */,
				834D8B0C28676F7D0026A662 /* FavoriteArray.swift */,
			);
			path = Managers;
			sourceTree = "<group>";
		};
		D916FE568838ACF6E9AD79CF /* Frameworks */ = {
			isa = PBXGroup;
			children = (
				0A3861CB568E5C412D7025C2 /* Pods_ThePhotoApp.framework */,
			);
			name = Frameworks;
			sourceTree = "<group>";
		};
/* End PBXGroup section */

/* Begin PBXNativeTarget section */
		834D8AC32864736C0026A662 /* ThePhotoApp */ = {
			isa = PBXNativeTarget;
			buildConfigurationList = 834D8AD82864736F0026A662 /* Build configuration list for PBXNativeTarget "ThePhotoApp" */;
			buildPhases = (
				6546A25ECC6C15748BDDFAE4 /* [CP] Check Pods Manifest.lock */,
				834D8AC02864736C0026A662 /* Sources */,
				834D8AC12864736C0026A662 /* Frameworks */,
				834D8AC22864736C0026A662 /* Resources */,
				894F14E83C63D8CDB654C958 /* [CP] Embed Pods Frameworks */,
			);
			buildRules = (
			);
			dependencies = (
			);
			name = ThePhotoApp;
			productName = ThePhotoApp;
			productReference = 834D8AC42864736C0026A662 /* ThePhotoApp.app */;
			productType = "com.apple.product-type.application";
		};
/* End PBXNativeTarget section */

/* Begin PBXProject section */
		834D8ABC2864736C0026A662 /* Project object */ = {
			isa = PBXProject;
			attributes = {
				BuildIndependentTargetsInParallel = 1;
				LastSwiftUpdateCheck = 1340;
				LastUpgradeCheck = 1340;
				TargetAttributes = {
					834D8AC32864736C0026A662 = {
						CreatedOnToolsVersion = 13.4;
					};
				};
			};
			buildConfigurationList = 834D8ABF2864736C0026A662 /* Build configuration list for PBXProject "ThePhotoApp" */;
			compatibilityVersion = "Xcode 13.0";
			developmentRegion = en;
			hasScannedForEncodings = 0;
			knownRegions = (
				en,
				Base,
			);
			mainGroup = 834D8ABB2864736C0026A662;
			productRefGroup = 834D8AC52864736C0026A662 /* Products */;
			projectDirPath = "";
			projectRoot = "";
			targets = (
				834D8AC32864736C0026A662 /* ThePhotoApp */,
			);
		};
/* End PBXProject section */

/* Begin PBXResourcesBuildPhase section */
		834D8AC22864736C0026A662 /* Resources */ = {
			isa = PBXResourcesBuildPhase;
			buildActionMask = 2147483647;
			files = (
				834D8AD42864736F0026A662 /* LaunchScreen.storyboard in Resources */,
				834D8B082865F78B0026A662 /* abosanova.ttf in Resources */,
				834D8AD12864736F0026A662 /* Assets.xcassets in Resources */,
			);
			runOnlyForDeploymentPostprocessing = 0;
		};
/* End PBXResourcesBuildPhase section */

/* Begin PBXShellScriptBuildPhase section */
		6546A25ECC6C15748BDDFAE4 /* [CP] Check Pods Manifest.lock */ = {
			isa = PBXShellScriptBuildPhase;
			buildActionMask = 2147483647;
			files = (
			);
			inputFileListPaths = (
			);
			inputPaths = (
				"${PODS_PODFILE_DIR_PATH}/Podfile.lock",
				"${PODS_ROOT}/Manifest.lock",
			);
			name = "[CP] Check Pods Manifest.lock";
			outputFileListPaths = (
			);
			outputPaths = (
				"$(DERIVED_FILE_DIR)/Pods-ThePhotoApp-checkManifestLockResult.txt",
			);
			runOnlyForDeploymentPostprocessing = 0;
			shellPath = /bin/sh;
			shellScript = "diff \"${PODS_PODFILE_DIR_PATH}/Podfile.lock\" \"${PODS_ROOT}/Manifest.lock\" > /dev/null\nif [ $? != 0 ] ; then\n    # print error to STDERR\n    echo \"error: The sandbox is not in sync with the Podfile.lock. Run 'pod install' or update your CocoaPods installation.\" >&2\n    exit 1\nfi\n# This output is used by Xcode 'outputs' to avoid re-running this script phase.\necho \"SUCCESS\" > \"${SCRIPT_OUTPUT_FILE_0}\"\n";
			showEnvVarsInLog = 0;
		};
		894F14E83C63D8CDB654C958 /* [CP] Embed Pods Frameworks */ = {
			isa = PBXShellScriptBuildPhase;
			buildActionMask = 2147483647;
			files = (
			);
			inputFileListPaths = (
				"${PODS_ROOT}/Target Support Files/Pods-ThePhotoApp/Pods-ThePhotoApp-frameworks-${CONFIGURATION}-input-files.xcfilelist",
			);
			name = "[CP] Embed Pods Frameworks";
			outputFileListPaths = (
				"${PODS_ROOT}/Target Support Files/Pods-ThePhotoApp/Pods-ThePhotoApp-frameworks-${CONFIGURATION}-output-files.xcfilelist",
			);
			runOnlyForDeploymentPostprocessing = 0;
			shellPath = /bin/sh;
			shellScript = "\"${PODS_ROOT}/Target Support Files/Pods-ThePhotoApp/Pods-ThePhotoApp-frameworks.sh\"\n";
			showEnvVarsInLog = 0;
		};
/* End PBXShellScriptBuildPhase section */

/* Begin PBXSourcesBuildPhase section */
		834D8AC02864736C0026A662 /* Sources */ = {
			isa = PBXSourcesBuildPhase;
			buildActionMask = 2147483647;
			files = (
				834D8B0D28676F7D0026A662 /* FavoriteArray.swift in Sources */,
				834D8B002865E8830026A662 /* DetailViewModel.swift in Sources */,
				834D8AE92864A0680026A662 /* Cordinator.swift in Sources */,
				834D8AF82864AC8D0026A662 /* PhotoCollection.swift in Sources */,
				834D8ADD286474780026A662 /* CollectionViewModel.swift in Sources */,
				834D8B022865EC010026A662 /* DetailNetworkService.swift in Sources */,
				834D8ACC2864736C0026A662 /* PhotoCollectionViewController.swift in Sources */,
				834D8AC82864736C0026A662 /* AppDelegate.swift in Sources */,
				834D8AFE2865E5EF0026A662 /* PhotoDetailViewController.swift in Sources */,
				834D8AF12864A2250026A662 /* FavoriteTableViewController.swift in Sources */,
				834D8AF32864A2F90026A662 /* ControllerFactory.swift in Sources */,
				834D8AED2864A0FF0026A662 /* FactoryProtocol.swift in Sources */,
				834D8AFA2865C35A0026A662 /* FavoriteCell.swift in Sources */,
				834D8ACA2864736C0026A662 /* SceneDelegate.swift in Sources */,
				834D8AE5286496BF0026A662 /* NetworkService.swift in Sources */,
				834D8B0B2867653E0026A662 /* FavoriteManager.swift in Sources */,
				834D8AFC2865E26F0026A662 /* FavoritePhoto.swift in Sources */,
				834D8AE228648E9B0026A662 /* PhotoCollectionCell.swift in Sources */,
				834D8AE72864A0520026A662 /* AppCordinator.swift in Sources */,
				834D8B052865F5300026A662 /* PhotoDetailView.swift in Sources */,
			);
			runOnlyForDeploymentPostprocessing = 0;
		};
/* End PBXSourcesBuildPhase section */

/* Begin PBXVariantGroup section */
		834D8AD22864736F0026A662 /* LaunchScreen.storyboard */ = {
			isa = PBXVariantGroup;
			children = (
				834D8AD32864736F0026A662 /* Base */,
			);
			name = LaunchScreen.storyboard;
			sourceTree = "<group>";
		};
/* End PBXVariantGroup section */

/* Begin XCBuildConfiguration section */
		834D8AD62864736F0026A662 /* Debug */ = {
			isa = XCBuildConfiguration;
			buildSettings = {
				ALWAYS_SEARCH_USER_PATHS = NO;
				CLANG_ANALYZER_NONNULL = YES;
				CLANG_ANALYZER_NUMBER_OBJECT_CONVERSION = YES_AGGRESSIVE;
				CLANG_CXX_LANGUAGE_STANDARD = "gnu++17";
				CLANG_ENABLE_MODULES = YES;
				CLANG_ENABLE_OBJC_ARC = YES;
				CLANG_ENABLE_OBJC_WEAK = YES;
				CLANG_WARN_BLOCK_CAPTURE_AUTORELEASING = YES;
				CLANG_WARN_BOOL_CONVERSION = YES;
				CLANG_WARN_COMMA = YES;
				CLANG_WARN_CONSTANT_CONVERSION = YES;
				CLANG_WARN_DEPRECATED_OBJC_IMPLEMENTATIONS = YES;
				CLANG_WARN_DIRECT_OBJC_ISA_USAGE = YES_ERROR;
				CLANG_WARN_DOCUMENTATION_COMMENTS = YES;
				CLANG_WARN_EMPTY_BODY = YES;
				CLANG_WARN_ENUM_CONVERSION = YES;
				CLANG_WARN_INFINITE_RECURSION = YES;
				CLANG_WARN_INT_CONVERSION = YES;
				CLANG_WARN_NON_LITERAL_NULL_CONVERSION = YES;
				CLANG_WARN_OBJC_IMPLICIT_RETAIN_SELF = YES;
				CLANG_WARN_OBJC_LITERAL_CONVERSION = YES;
				CLANG_WARN_OBJC_ROOT_CLASS = YES_ERROR;
				CLANG_WARN_QUOTED_INCLUDE_IN_FRAMEWORK_HEADER = YES;
				CLANG_WARN_RANGE_LOOP_ANALYSIS = YES;
				CLANG_WARN_STRICT_PROTOTYPES = YES;
				CLANG_WARN_SUSPICIOUS_MOVE = YES;
				CLANG_WARN_UNGUARDED_AVAILABILITY = YES_AGGRESSIVE;
				CLANG_WARN_UNREACHABLE_CODE = YES;
				CLANG_WARN__DUPLICATE_METHOD_MATCH = YES;
				COPY_PHASE_STRIP = NO;
				DEBUG_INFORMATION_FORMAT = dwarf;
				ENABLE_STRICT_OBJC_MSGSEND = YES;
				ENABLE_TESTABILITY = YES;
				GCC_C_LANGUAGE_STANDARD = gnu11;
				GCC_DYNAMIC_NO_PIC = NO;
				GCC_NO_COMMON_BLOCKS = YES;
				GCC_OPTIMIZATION_LEVEL = 0;
				GCC_PREPROCESSOR_DEFINITIONS = (
					"DEBUG=1",
					"$(inherited)",
				);
				GCC_WARN_64_TO_32_BIT_CONVERSION = YES;
				GCC_WARN_ABOUT_RETURN_TYPE = YES_ERROR;
				GCC_WARN_UNDECLARED_SELECTOR = YES;
				GCC_WARN_UNINITIALIZED_AUTOS = YES_AGGRESSIVE;
				GCC_WARN_UNUSED_FUNCTION = YES;
				GCC_WARN_UNUSED_VARIABLE = YES;
				IPHONEOS_DEPLOYMENT_TARGET = 15.5;
				MTL_ENABLE_DEBUG_INFO = INCLUDE_SOURCE;
				MTL_FAST_MATH = YES;
				ONLY_ACTIVE_ARCH = YES;
				SDKROOT = iphoneos;
				SWIFT_ACTIVE_COMPILATION_CONDITIONS = DEBUG;
				SWIFT_OPTIMIZATION_LEVEL = "-Onone";
			};
			name = Debug;
		};
		834D8AD72864736F0026A662 /* Release */ = {
			isa = XCBuildConfiguration;
			buildSettings = {
				ALWAYS_SEARCH_USER_PATHS = NO;
				CLANG_ANALYZER_NONNULL = YES;
				CLANG_ANALYZER_NUMBER_OBJECT_CONVERSION = YES_AGGRESSIVE;
				CLANG_CXX_LANGUAGE_STANDARD = "gnu++17";
				CLANG_ENABLE_MODULES = YES;
				CLANG_ENABLE_OBJC_ARC = YES;
				CLANG_ENABLE_OBJC_WEAK = YES;
				CLANG_WARN_BLOCK_CAPTURE_AUTORELEASING = YES;
				CLANG_WARN_BOOL_CONVERSION = YES;
				CLANG_WARN_COMMA = YES;
				CLANG_WARN_CONSTANT_CONVERSION = YES;
				CLANG_WARN_DEPRECATED_OBJC_IMPLEMENTATIONS = YES;
				CLANG_WARN_DIRECT_OBJC_ISA_USAGE = YES_ERROR;
				CLANG_WARN_DOCUMENTATION_COMMENTS = YES;
				CLANG_WARN_EMPTY_BODY = YES;
				CLANG_WARN_ENUM_CONVERSION = YES;
				CLANG_WARN_INFINITE_RECURSION = YES;
				CLANG_WARN_INT_CONVERSION = YES;
				CLANG_WARN_NON_LITERAL_NULL_CONVERSION = YES;
				CLANG_WARN_OBJC_IMPLICIT_RETAIN_SELF = YES;
				CLANG_WARN_OBJC_LITERAL_CONVERSION = YES;
				CLANG_WARN_OBJC_ROOT_CLASS = YES_ERROR;
				CLANG_WARN_QUOTED_INCLUDE_IN_FRAMEWORK_HEADER = YES;
				CLANG_WARN_RANGE_LOOP_ANALYSIS = YES;
				CLANG_WARN_STRICT_PROTOTYPES = YES;
				CLANG_WARN_SUSPICIOUS_MOVE = YES;
				CLANG_WARN_UNGUARDED_AVAILABILITY = YES_AGGRESSIVE;
				CLANG_WARN_UNREACHABLE_CODE = YES;
				CLANG_WARN__DUPLICATE_METHOD_MATCH = YES;
				COPY_PHASE_STRIP = NO;
				DEBUG_INFORMATION_FORMAT = "dwarf-with-dsym";
				ENABLE_NS_ASSERTIONS = NO;
				ENABLE_STRICT_OBJC_MSGSEND = YES;
				GCC_C_LANGUAGE_STANDARD = gnu11;
				GCC_NO_COMMON_BLOCKS = YES;
				GCC_WARN_64_TO_32_BIT_CONVERSION = YES;
				GCC_WARN_ABOUT_RETURN_TYPE = YES_ERROR;
				GCC_WARN_UNDECLARED_SELECTOR = YES;
				GCC_WARN_UNINITIALIZED_AUTOS = YES_AGGRESSIVE;
				GCC_WARN_UNUSED_FUNCTION = YES;
				GCC_WARN_UNUSED_VARIABLE = YES;
				IPHONEOS_DEPLOYMENT_TARGET = 15.5;
				MTL_ENABLE_DEBUG_INFO = NO;
				MTL_FAST_MATH = YES;
				SDKROOT = iphoneos;
				SWIFT_COMPILATION_MODE = wholemodule;
				SWIFT_OPTIMIZATION_LEVEL = "-O";
				VALIDATE_PRODUCT = YES;
			};
			name = Release;
		};
		834D8AD92864736F0026A662 /* Debug */ = {
			isa = XCBuildConfiguration;
			baseConfigurationReference = C8BDBF247A2FC0433B50BC1D /* Pods-ThePhotoApp.debug.xcconfig */;
			buildSettings = {
				ASSETCATALOG_COMPILER_APPICON_NAME = AppIcon;
				ASSETCATALOG_COMPILER_GLOBAL_ACCENT_COLOR_NAME = AccentColor;
				CODE_SIGN_STYLE = Automatic;
				CURRENT_PROJECT_VERSION = 1;
				DEVELOPMENT_TEAM = GCK24M7W24;
				GENERATE_INFOPLIST_FILE = YES;
				INFOPLIST_FILE = ThePhotoApp/Info.plist;
				INFOPLIST_KEY_UIApplicationSupportsIndirectInputEvents = YES;
				INFOPLIST_KEY_UILaunchStoryboardName = LaunchScreen;
				INFOPLIST_KEY_UISupportedInterfaceOrientations = UIInterfaceOrientationPortrait;
				INFOPLIST_KEY_UISupportedInterfaceOrientations_iPad = "UIInterfaceOrientationPortrait UIInterfaceOrientationPortraitUpsideDown UIInterfaceOrientationLandscapeLeft UIInterfaceOrientationLandscapeRight";
				INFOPLIST_KEY_UISupportedInterfaceOrientations_iPhone = "UIInterfaceOrientationPortrait UIInterfaceOrientationLandscapeLeft UIInterfaceOrientationLandscapeRight";
				LD_RUNPATH_SEARCH_PATHS = (
					"$(inherited)",
					"@executable_path/Frameworks",
				);
				MARKETING_VERSION = 1.0;
				PRODUCT_BUNDLE_IDENTIFIER = A3.ThePhotoApp;
				PRODUCT_NAME = "$(TARGET_NAME)";
				SWIFT_EMIT_LOC_STRINGS = YES;
				SWIFT_VERSION = 5.0;
				TARGETED_DEVICE_FAMILY = 1;
			};
			name = Debug;
		};
		834D8ADA2864736F0026A662 /* Release */ = {
			isa = XCBuildConfiguration;
			baseConfigurationReference = AC7BCB0A8EBD4148F6BA6F17 /* Pods-ThePhotoApp.release.xcconfig */;
			buildSettings = {
				ASSETCATALOG_COMPILER_APPICON_NAME = AppIcon;
				ASSETCATALOG_COMPILER_GLOBAL_ACCENT_COLOR_NAME = AccentColor;
				CODE_SIGN_STYLE = Automatic;
				CURRENT_PROJECT_VERSION = 1;
				DEVELOPMENT_TEAM = GCK24M7W24;
				GENERATE_INFOPLIST_FILE = YES;
				INFOPLIST_FILE = ThePhotoApp/Info.plist;
				INFOPLIST_KEY_UIApplicationSupportsIndirectInputEvents = YES;
				INFOPLIST_KEY_UILaunchStoryboardName = LaunchScreen;
				INFOPLIST_KEY_UISupportedInterfaceOrientations = UIInterfaceOrientationPortrait;
				INFOPLIST_KEY_UISupportedInterfaceOrientations_iPad = "UIInterfaceOrientationPortrait UIInterfaceOrientationPortraitUpsideDown UIInterfaceOrientationLandscapeLeft UIInterfaceOrientationLandscapeRight";
				INFOPLIST_KEY_UISupportedInterfaceOrientations_iPhone = "UIInterfaceOrientationPortrait UIInterfaceOrientationLandscapeLeft UIInterfaceOrientationLandscapeRight";
				LD_RUNPATH_SEARCH_PATHS = (
					"$(inherited)",
					"@executable_path/Frameworks",
				);
				MARKETING_VERSION = 1.0;
				PRODUCT_BUNDLE_IDENTIFIER = A3.ThePhotoApp;
				PRODUCT_NAME = "$(TARGET_NAME)";
				SWIFT_EMIT_LOC_STRINGS = YES;
				SWIFT_VERSION = 5.0;
				TARGETED_DEVICE_FAMILY = 1;
			};
			name = Release;
		};
/* End XCBuildConfiguration section */

/* Begin XCConfigurationList section */
		834D8ABF2864736C0026A662 /* Build configuration list for PBXProject "ThePhotoApp" */ = {
			isa = XCConfigurationList;
			buildConfigurations = (
				834D8AD62864736F0026A662 /* Debug */,
				834D8AD72864736F0026A662 /* Release */,
			);
			defaultConfigurationIsVisible = 0;
			defaultConfigurationName = Release;
		};
		834D8AD82864736F0026A662 /* Build configuration list for PBXNativeTarget "ThePhotoApp" */ = {
			isa = XCConfigurationList;
			buildConfigurations = (
				834D8AD92864736F0026A662 /* Debug */,
				834D8ADA2864736F0026A662 /* Release */,
			);
			defaultConfigurationIsVisible = 0;
			defaultConfigurationName = Release;
		};
/* End XCConfigurationList section */
	};
	rootObject = 834D8ABC2864736C0026A662 /* Project object */;
}
